// !$*UTF8*$!
{
	archiveVersion = 1;
	classes = {
	};
	objectVersion = 46;
	objects = {

/* Begin PBXBuildFile section */
		9E97BD461C9A628000B77023 /* demomaps.h in CopyFiles */ = {isa = PBXBuildFile; fileRef = 9E97BD451C9A628000B77023 /* demomaps.h */; };
		9E97BD481C9A628000B77023 /* demomaps.m in Sources */ = {isa = PBXBuildFile; fileRef = 9E97BD471C9A628000B77023 /* demomaps.m */; };
/* End PBXBuildFile section */

/* Begin PBXCopyFilesBuildPhase section */
		9E97BD401C9A628000B77023 /* CopyFiles */ = {
			isa = PBXCopyFilesBuildPhase;
			buildActionMask = 2147483647;
			dstPath = "include/$(PRODUCT_NAME)";
			dstSubfolderSpec = 16;
			files = (
				9E97BD461C9A628000B77023 /* demomaps.h in CopyFiles */,
			);
			runOnlyForDeploymentPostprocessing = 0;
		};
/* End PBXCopyFilesBuildPhase section */

/* Begin PBXFileReference section */
		9E97BD421C9A628000B77023 /* libdemomaps.a */ = {isa = PBXFileReference; explicitFileType = archive.ar; includeInIndex = 0; path = libdemomaps.a; sourceTree = BUILT_PRODUCTS_DIR; };
		9E97BD451C9A628000B77023 /* demomaps.h */ = {isa = PBXFileReference; lastKnownFileType = sourcecode.c.h; path = demomaps.h; sourceTree = "<group>"; };
		9E97BD471C9A628000B77023 /* demomaps.m */ = {isa = PBXFileReference; lastKnownFileType = sourcecode.c.objc; path = demomaps.m; sourceTree = "<group>"; };
/* End PBXFileReference section */

/* Begin PBXFrameworksBuildPhase section */
		9E97BD3F1C9A628000B77023 /* Frameworks */ = {
			isa = PBXFrameworksBuildPhase;
			buildActionMask = 2147483647;
			files = (
			);
			runOnlyForDeploymentPostprocessing = 0;
		};
/* End PBXFrameworksBuildPhase section */

/* Begin PBXGroup section */
		9E97BD391C9A628000B77023 = {
			isa = PBXGroup;
			children = (
				9E97BD441C9A628000B77023 /* demomaps */,
				9E97BD431C9A628000B77023 /* Products */,
			);
			sourceTree = "<group>";
		};
		9E97BD431C9A628000B77023 /* Products */ = {
			isa = PBXGroup;
			children = (
				9E97BD421C9A628000B77023 /* libdemomaps.a */,
			);
			name = Products;
			sourceTree = "<group>";
		};
		9E97BD441C9A628000B77023 /* demomaps */ = {
			isa = PBXGroup;
			children = (
				9E97BD451C9A628000B77023 /* demomaps.h */,
				9E97BD471C9A628000B77023 /* demomaps.m */,
			);
			path = demomaps;
			sourceTree = "<group>";
		};
/* End PBXGroup section */

/* Begin PBXNativeTarget section */
		9E97BD411C9A628000B77023 /* demomaps */ = {
			isa = PBXNativeTarget;
			buildConfigurationList = 9E97BD4B1C9A628000B77023 /* Build configuration list for PBXNativeTarget "demomaps" */;
			buildPhases = (
				9E97BD3E1C9A628000B77023 /* Sources */,
				9E97BD3F1C9A628000B77023 /* Frameworks */,
				9E97BD401C9A628000B77023 /* CopyFiles */,
			);
			buildRules = (
			);
			dependencies = (
			);
			name = demomaps;
			productName = demomaps;
			productReference = 9E97BD421C9A628000B77023 /* libdemomaps.a */;
			productType = "com.apple.product-type.library.static";
		};
/* End PBXNativeTarget section */

/* Begin PBXProject section */
		9E97BD3A1C9A628000B77023 /* Project object */ = {
			isa = PBXProject;
			attributes = {
				LastUpgradeCheck = 0720;
				ORGANIZATIONNAME = "Sebastián Gómez";
				TargetAttributes = {
					9E97BD411C9A628000B77023 = {
						CreatedOnToolsVersion = 7.2.1;
					};
				};
			};
			buildConfigurationList = 9E97BD3D1C9A628000B77023 /* Build configuration list for PBXProject "demomaps" */;
			compatibilityVersion = "Xcode 3.2";
			developmentRegion = English;
			hasScannedForEncodings = 0;
			knownRegions = (
				en,
			);
			mainGroup = 9E97BD391C9A628000B77023;
			productRefGroup = 9E97BD431C9A628000B77023 /* Products */;
			projectDirPath = "";
			projectRoot = "";
			targets = (
				9E97BD411C9A628000B77023 /* demomaps */,
			);
		};
/* End PBXProject section */

/* Begin PBXSourcesBuildPhase section */
		9E97BD3E1C9A628000B77023 /* Sources */ = {
			isa = PBXSourcesBuildPhase;
			buildActionMask = 2147483647;
			files = (
				9E97BD481C9A628000B77023 /* demomaps.m in Sources */,
			);
			runOnlyForDeploymentPostprocessing = 0;
		};
/* End PBXSourcesBuildPhase section */

/* Begin XCBuildConfiguration section */
		9E97BD491C9A628000B77023 /* Debug */ = {
			isa = XCBuildConfiguration;
			buildSettings = {
				ALWAYS_SEARCH_USER_PATHS = NO;
				CLANG_CXX_LANGUAGE_STANDARD = "gnu++0x";
				CLANG_CXX_LIBRARY = "libc++";
				CLANG_ENABLE_MODULES = YES;
				CLANG_ENABLE_OBJC_ARC = YES;
				CLANG_WARN_BOOL_CONVERSION = YES;
				CLANG_WARN_CONSTANT_CONVERSION = YES;
				CLANG_WARN_DIRECT_OBJC_ISA_USAGE = YES_ERROR;
				CLANG_WARN_EMPTY_BODY = YES;
				CLANG_WARN_ENUM_CONVERSION = YES;
				CLANG_WARN_INT_CONVERSION = YES;
				CLANG_WARN_OBJC_ROOT_CLASS = YES_ERROR;
				CLANG_WARN_UNREACHABLE_CODE = YES;
				CLANG_WARN__DUPLICATE_METHOD_MATCH = YES;
				"CODE_SIGN_IDENTITY[sdk=iphoneos*]" = "iPhone Developer";
				COPY_PHASE_STRIP = NO;
				DEBUG_INFORMATION_FORMAT = dwarf;
				ENABLE_STRICT_OBJC_MSGSEND = YES;
				ENABLE_TESTABILITY = YES;
				GCC_C_LANGUAGE_STANDARD = gnu99;
				GCC_DYNAMIC_NO_PIC = NO;
				GCC_NO_COMMON_BLOCKS = YES;
				GCC_OPTIMIZATION_LEVEL = 0;
				GCC_PREPROCESSOR_DEFINITIONS = (
					"DEBUG=1",
					"$(inherited)",
				);
				GCC_WARN_64_TO_32_BIT_CONVERSION = YES;
				GCC_WARN_ABOUT_RETURN_TYPE = YES_ERROR;
				GCC_WARN_UNDECLARED_SELECTOR = YES;
				GCC_WARN_UNINITIALIZED_AUTOS = YES_AGGRESSIVE;
				GCC_WARN_UNUSED_FUNCTION = YES;
				GCC_WARN_UNUSED_VARIABLE = YES;
				IPHONEOS_DEPLOYMENT_TARGET = 9.2;
				MTL_ENABLE_DEBUG_INFO = YES;
				ONLY_ACTIVE_ARCH = YES;
				SDKROOT = iphoneos;
			};
			name = Debug;
		};
		9E97BD4A1C9A628000B77023 /* Release */ = {
			isa = XCBuildConfiguration;
			buildSettings = {
				ALWAYS_SEARCH_USER_PATHS = NO;
				CLANG_CXX_LANGUAGE_STANDARD = "gnu++0x";
				CLANG_CXX_LIBRARY = "libc++";
				CLANG_ENABLE_MODULES = YES;
				CLANG_ENABLE_OBJC_ARC = YES;
				CLANG_WARN_BOOL_CONVERSION = YES;
				CLANG_WARN_CONSTANT_CONVERSION = YES;
				CLANG_WARN_DIRECT_OBJC_ISA_USAGE = YES_ERROR;
				CLANG_WARN_EMPTY_BODY = YES;
				CLANG_WARN_ENUM_CONVERSION = YES;
				CLANG_WARN_INT_CONVERSION = YES;
				CLANG_WARN_OBJC_ROOT_CLASS = YES_ERROR;
				CLANG_WARN_UNREACHABLE_CODE = YES;
				CLANG_WARN__DUPLICATE_METHOD_MATCH = YES;
				"CODE_SIGN_IDENTITY[sdk=iphoneos*]" = "iPhone Developer";
				COPY_PHASE_STRIP = NO;
				DEBUG_INFORMATION_FORMAT = "dwarf-with-dsym";
				ENABLE_NS_ASSERTIONS = NO;
				ENABLE_STRICT_OBJC_MSGSEND = YES;
				GCC_C_LANGUAGE_STANDARD = gnu99;
				GCC_NO_COMMON_BLOCKS = YES;
				GCC_WARN_64_TO_32_BIT_CONVERSION = YES;
				GCC_WARN_ABOUT_RETURN_TYPE = YES_ERROR;
				GCC_WARN_UNDECLARED_SELECTOR = YES;
				GCC_WARN_UNINITIALIZED_AUTOS = YES_AGGRESSIVE;
				GCC_WARN_UNUSED_FUNCTION = YES;
				GCC_WARN_UNUSED_VARIABLE = YES;
				IPHONEOS_DEPLOYMENT_TARGET = 9.2;
				MTL_ENABLE_DEBUG_INFO = NO;
				SDKROOT = iphoneos;
				VALIDATE_PRODUCT = YES;
			};
			name = Release;
		};
		9E97BD4C1C9A628000B77023 /* Debug */ = {
			isa = XCBuildConfiguration;
			buildSettings = {
				OTHER_LDFLAGS = "-ObjC";
				PRODUCT_NAME = "$(TARGET_NAME)";
				SKIP_INSTALL = YES;
			};
			name = Debug;
		};
		9E97BD4D1C9A628000B77023 /* Release */ = {
			isa = XCBuildConfiguration;
			buildSettings = {
				OTHER_LDFLAGS = "-ObjC";
				PRODUCT_NAME = "$(TARGET_NAME)";
				SKIP_INSTALL = YES;
			};
			name = Release;
		};
/* End XCBuildConfiguration section */

/* Begin XCConfigurationList section */
		9E97BD3D1C9A628000B77023 /* Build configuration list for PBXProject "demomaps" */ = {
			isa = XCConfigurationList;
			buildConfigurations = (
				9E97BD491C9A628000B77023 /* Debug */,
				9E97BD4A1C9A628000B77023 /* Release */,
			);
			defaultConfigurationIsVisible = 0;
			defaultConfigurationName = Release;
		};
		9E97BD4B1C9A628000B77023 /* Build configuration list for PBXNativeTarget "demomaps" */ = {
			isa = XCConfigurationList;
			buildConfigurations = (
				9E97BD4C1C9A628000B77023 /* Debug */,
				9E97BD4D1C9A628000B77023 /* Release */,
			);
			defaultConfigurationIsVisible = 0;
		};
/* End XCConfigurationList section */
	};
	rootObject = 9E97BD3A1C9A628000B77023 /* Project object */;
}
